
Microsoft Visual Studio Solution File, Format Version 12.00
# Visual Studio Version 17
VisualStudioVersion = 17.1.32319.34
MinimumVisualStudioVersion = 10.0.40219.1
Project("{FAE04EC0-301F-11D3-BF4B-00C04F79EFBC}") = "MockingProject", "MockingProject\MockingProject.csproj", "{3BDB18FD-BB96-46EF-9173-8AFADFF182D0}"
EndProject
Project("{FAE04EC0-301F-11D3-BF4B-00C04F79EFBC}") = "MockingProject.Tests", "MockingProject.Tests\MockingProject.Tests.csproj", "{E186B891-2112-487D-B7CA-CE25D8CEF66A}"
EndProject
Global
	GlobalSection(SolutionConfigurationPlatforms) = preSolution
		Debug|Any CPU = Debug|Any CPU
		Release|Any CPU = Release|Any CPU
	EndGlobalSection
	GlobalSection(ProjectConfigurationPlatforms) = postSolution
		{3BDB18FD-BB96-46EF-9173-8AFADFF182D0}.Debug|Any CPU.ActiveCfg = Debug|Any CPU
		{3BDB18FD-BB96-46EF-9173-8AFADFF182D0}.Debug|Any CPU.Build.0 = Debug|Any CPU
		{3BDB18FD-BB96-46EF-9173-8AFADFF182D0}.Release|Any CPU.ActiveCfg = Release|Any CPU
		{3BDB18FD-BB96-46EF-9173-8AFADFF182D0}.Release|Any CPU.Build.0 = Release|Any CPU
		{E186B891-2112-487D-B7CA-CE25D8CEF66A}.Debug|Any CPU.ActiveCfg = Debug|Any CPU
		{E186B891-2112-487D-B7CA-CE25D8CEF66A}.Debug|Any CPU.Build.0 = Debug|Any CPU
		{E186B891-2112-487D-B7CA-CE25D8CEF66A}.Release|Any CPU.ActiveCfg = Release|Any CPU
		{E186B891-2112-487D-B7CA-CE25D8CEF66A}.Release|Any CPU.Build.0 = Release|Any CPU
	EndGlobalSection
	GlobalSection(SolutionProperties) = preSolution
		HideSolutionNode = FALSE
	EndGlobalSection
	GlobalSection(ExtensibilityGlobals) = postSolution
		SolutionGuid = {A08B265B-7D31-4529-9091-A87C4A7FBAE5}
	EndGlobalSection
EndGlobal
